
Microsoft Visual Studio Solution File, Format Version 12.00
# Visual Studio Version 16
VisualStudioVersion = 16.0.33328.57
MinimumVisualStudioVersion = 10.0.40219.1
Project("{FAE04EC0-301F-11D3-BF4B-00C04F79EFBC}") = "C9.CodeTest.FileInformation", "C9.CodeTest.FileInformation\C9.CodeTest.FileInformation.csproj", "{7A19BD6E-34E3-42E0-ACDD-9C9964495BFD}"
EndProject
Project("{FAE04EC0-301F-11D3-BF4B-00C04F79EFBC}") = "C9.Code.Test.FileInformation.UnitTest", "C9.Code.Test.FileInformation.UnitTest\C9.Code.Test.FileInformation.UnitTest.csproj", "{B074289B-09F4-4354-8B76-987AD852EB58}"
EndProject
Global
	GlobalSection(SolutionConfigurationPlatforms) = preSolution
		Debug|Any CPU = Debug|Any CPU
		Release|Any CPU = Release|Any CPU
	EndGlobalSection
	GlobalSection(ProjectConfigurationPlatforms) = postSolution
		{7A19BD6E-34E3-42E0-ACDD-9C9964495BFD}.Debug|Any CPU.ActiveCfg = Debug|Any CPU
		{7A19BD6E-34E3-42E0-ACDD-9C9964495BFD}.Debug|Any CPU.Build.0 = Debug|Any CPU
		{7A19BD6E-34E3-42E0-ACDD-9C9964495BFD}.Release|Any CPU.ActiveCfg = Release|Any CPU
		{7A19BD6E-34E3-42E0-ACDD-9C9964495BFD}.Release|Any CPU.Build.0 = Release|Any CPU
		{B074289B-09F4-4354-8B76-987AD852EB58}.Debug|Any CPU.ActiveCfg = Debug|Any CPU
		{B074289B-09F4-4354-8B76-987AD852EB58}.Debug|Any CPU.Build.0 = Debug|Any CPU
		{B074289B-09F4-4354-8B76-987AD852EB58}.Release|Any CPU.ActiveCfg = Release|Any CPU
		{B074289B-09F4-4354-8B76-987AD852EB58}.Release|Any CPU.Build.0 = Release|Any CPU
	EndGlobalSection
	GlobalSection(SolutionProperties) = preSolution
		HideSolutionNode = FALSE
	EndGlobalSection
	GlobalSection(ExtensibilityGlobals) = postSolution
		SolutionGuid = {24E3CD69-1752-4AD3-80C0-3DD6DE78DFB3}
	EndGlobalSection
EndGlobal
